// !$*UTF8*$!
{
	archiveVersion = 1;
	classes = {
	};
	objectVersion = 46;
	objects = {

/* Begin PBXBuildFile section */
		3A76D6081BBAD79B004F309A /* AppDelegate.swift in Sources */ = {isa = PBXBuildFile; fileRef = 3A76D6071BBAD79B004F309A /* AppDelegate.swift */; };
		3A76D60A1BBAD79B004F309A /* ViewController.swift in Sources */ = {isa = PBXBuildFile; fileRef = 3A76D6091BBAD79B004F309A /* ViewController.swift */; };
		3A76D60D1BBAD79B004F309A /* Main.storyboard in Resources */ = {isa = PBXBuildFile; fileRef = 3A76D60B1BBAD79B004F309A /* Main.storyboard */; };
		3A76D60F1BBAD79B004F309A /* Assets.xcassets in Resources */ = {isa = PBXBuildFile; fileRef = 3A76D60E1BBAD79B004F309A /* Assets.xcassets */; };
		3A76D6121BBAD79B004F309A /* LaunchScreen.storyboard in Resources */ = {isa = PBXBuildFile; fileRef = 3A76D6101BBAD79B004F309A /* LaunchScreen.storyboard */; };
		3A76D61D1BBAD79B004F309A /* BeaconSwiftTests.swift in Sources */ = {isa = PBXBuildFile; fileRef = 3A76D61C1BBAD79B004F309A /* BeaconSwiftTests.swift */; };
		3A76D6281BBAD79B004F309A /* BeaconSwiftUITests.swift in Sources */ = {isa = PBXBuildFile; fileRef = 3A76D6271BBAD79B004F309A /* BeaconSwiftUITests.swift */; };
/* End PBXBuildFile section */

/* Begin PBXContainerItemProxy section */
		3A76D6191BBAD79B004F309A /* PBXContainerItemProxy */ = {
			isa = PBXContainerItemProxy;
			containerPortal = 3A76D5FC1BBAD79B004F309A /* Project object */;
			proxyType = 1;
			remoteGlobalIDString = 3A76D6031BBAD79B004F309A;
			remoteInfo = BeaconSwift;
		};
		3A76D6241BBAD79B004F309A /* PBXContainerItemProxy */ = {
			isa = PBXContainerItemProxy;
			containerPortal = 3A76D5FC1BBAD79B004F309A /* Project object */;
			proxyType = 1;
			remoteGlobalIDString = 3A76D6031BBAD79B004F309A;
			remoteInfo = BeaconSwift;
		};
/* End PBXContainerItemProxy section */

/* Begin PBXFileReference section */
		3A76D6041BBAD79B004F309A /* BeaconSwift.app */ = {isa = PBXFileReference; explicitFileType = wrapper.application; includeInIndex = 0; path = BeaconSwift.app; sourceTree = BUILT_PRODUCTS_DIR; };
		3A76D6071BBAD79B004F309A /* AppDelegate.swift */ = {isa = PBXFileReference; lastKnownFileType = sourcecode.swift; path = AppDelegate.swift; sourceTree = "<group>"; };
		3A76D6091BBAD79B004F309A /* ViewController.swift */ = {isa = PBXFileReference; lastKnownFileType = sourcecode.swift; path = ViewController.swift; sourceTree = "<group>"; };
		3A76D60C1BBAD79B004F309A /* Base */ = {isa = PBXFileReference; lastKnownFileType = file.storyboard; name = Base; path = Base.lproj/Main.storyboard; sourceTree = "<group>"; };
		3A76D60E1BBAD79B004F309A /* Assets.xcassets */ = {isa = PBXFileReference; lastKnownFileType = folder.assetcatalog; path = Assets.xcassets; sourceTree = "<group>"; };
		3A76D6111BBAD79B004F309A /* Base */ = {isa = PBXFileReference; lastKnownFileType = file.storyboard; name = Base; path = Base.lproj/LaunchScreen.storyboard; sourceTree = "<group>"; };
		3A76D6131BBAD79B004F309A /* Info.plist */ = {isa = PBXFileReference; lastKnownFileType = text.plist.xml; path = Info.plist; sourceTree = "<group>"; };
		3A76D6181BBAD79B004F309A /* BeaconSwiftTests.xctest */ = {isa = PBXFileReference; explicitFileType = wrapper.cfbundle; includeInIndex = 0; path = BeaconSwiftTests.xctest; sourceTree = BUILT_PRODUCTS_DIR; };
		3A76D61C1BBAD79B004F309A /* BeaconSwiftTests.swift */ = {isa = PBXFileReference; lastKnownFileType = sourcecode.swift; path = BeaconSwiftTests.swift; sourceTree = "<group>"; };
		3A76D61E1BBAD79B004F309A /* Info.plist */ = {isa = PBXFileReference; lastKnownFileType = text.plist.xml; path = Info.plist; sourceTree = "<group>"; };
		3A76D6231BBAD79B004F309A /* BeaconSwiftUITests.xctest */ = {isa = PBXFileReference; explicitFileType = wrapper.cfbundle; includeInIndex = 0; path = BeaconSwiftUITests.xctest; sourceTree = BUILT_PRODUCTS_DIR; };
		3A76D6271BBAD79B004F309A /* BeaconSwiftUITests.swift */ = {isa = PBXFileReference; lastKnownFileType = sourcecode.swift; path = BeaconSwiftUITests.swift; sourceTree = "<group>"; };
		3A76D6291BBAD79B004F309A /* Info.plist */ = {isa = PBXFileReference; lastKnownFileType = text.plist.xml; path = Info.plist; sourceTree = "<group>"; };
/* End PBXFileReference section */

/* Begin PBXFrameworksBuildPhase section */
		3A76D6011BBAD79B004F309A /* Frameworks */ = {
			isa = PBXFrameworksBuildPhase;
			buildActionMask = 2147483647;
			files = (
			);
			runOnlyForDeploymentPostprocessing = 0;
		};
		3A76D6151BBAD79B004F309A /* Frameworks */ = {
			isa = PBXFrameworksBuildPhase;
			buildActionMask = 2147483647;
			files = (
			);
			runOnlyForDeploymentPostprocessing = 0;
		};
		3A76D6201BBAD79B004F309A /* Frameworks */ = {
			isa = PBXFrameworksBuildPhase;
			buildActionMask = 2147483647;
			files = (
			);
			runOnlyForDeploymentPostprocessing = 0;
		};
/* End PBXFrameworksBuildPhase section */

/* Begin PBXGroup section */
		3A76D5FB1BBAD79B004F309A = {
			isa = PBXGroup;
			children = (
				3A76D6061BBAD79B004F309A /* BeaconSwift */,
				3A76D61B1BBAD79B004F309A /* BeaconSwiftTests */,
				3A76D6261BBAD79B004F309A /* BeaconSwiftUITests */,
				3A76D6051BBAD79B004F309A /* Products */,
			);
			sourceTree = "<group>";
		};
		3A76D6051BBAD79B004F309A /* Products */ = {
			isa = PBXGroup;
			children = (
				3A76D6041BBAD79B004F309A /* BeaconSwift.app */,
				3A76D6181BBAD79B004F309A /* BeaconSwiftTests.xctest */,
				3A76D6231BBAD79B004F309A /* BeaconSwiftUITests.xctest */,
			);
			name = Products;
			sourceTree = "<group>";
		};
		3A76D6061BBAD79B004F309A /* BeaconSwift */ = {
			isa = PBXGroup;
			children = (
				3A76D6071BBAD79B004F309A /* AppDelegate.swift */,
				3A76D6091BBAD79B004F309A /* ViewController.swift */,
				3A76D60B1BBAD79B004F309A /* Main.storyboard */,
				3A76D60E1BBAD79B004F309A /* Assets.xcassets */,
				3A76D6101BBAD79B004F309A /* LaunchScreen.storyboard */,
				3A76D6131BBAD79B004F309A /* Info.plist */,
			);
			path = BeaconSwift;
			sourceTree = "<group>";
		};
		3A76D61B1BBAD79B004F309A /* BeaconSwiftTests */ = {
			isa = PBXGroup;
			children = (
				3A76D61C1BBAD79B004F309A /* BeaconSwiftTests.swift */,
				3A76D61E1BBAD79B004F309A /* Info.plist */,
			);
			path = BeaconSwiftTests;
			sourceTree = "<group>";
		};
		3A76D6261BBAD79B004F309A /* BeaconSwiftUITests */ = {
			isa = PBXGroup;
			children = (
				3A76D6271BBAD79B004F309A /* BeaconSwiftUITests.swift */,
				3A76D6291BBAD79B004F309A /* Info.plist */,
			);
			path = BeaconSwiftUITests;
			sourceTree = "<group>";
		};
/* End PBXGroup section */

/* Begin PBXNativeTarget section */
		3A76D6031BBAD79B004F309A /* BeaconSwift */ = {
			isa = PBXNativeTarget;
			buildConfigurationList = 3A76D62C1BBAD79B004F309A /* Build configuration list for PBXNativeTarget "BeaconSwift" */;
			buildPhases = (
				3A76D6001BBAD79B004F309A /* Sources */,
				3A76D6011BBAD79B004F309A /* Frameworks */,
				3A76D6021BBAD79B004F309A /* Resources */,
			);
			buildRules = (
			);
			dependencies = (
			);
			name = BeaconSwift;
			productName = BeaconSwift;
			productReference = 3A76D6041BBAD79B004F309A /* BeaconSwift.app */;
			productType = "com.apple.product-type.application";
		};
		3A76D6171BBAD79B004F309A /* BeaconSwiftTests */ = {
			isa = PBXNativeTarget;
			buildConfigurationList = 3A76D62F1BBAD79B004F309A /* Build configuration list for PBXNativeTarget "BeaconSwiftTests" */;
			buildPhases = (
				3A76D6141BBAD79B004F309A /* Sources */,
				3A76D6151BBAD79B004F309A /* Frameworks */,
				3A76D6161BBAD79B004F309A /* Resources */,
			);
			buildRules = (
			);
			dependencies = (
				3A76D61A1BBAD79B004F309A /* PBXTargetDependency */,
			);
			name = BeaconSwiftTests;
			productName = BeaconSwiftTests;
			productReference = 3A76D6181BBAD79B004F309A /* BeaconSwiftTests.xctest */;
			productType = "com.apple.product-type.bundle.unit-test";
		};
		3A76D6221BBAD79B004F309A /* BeaconSwiftUITests */ = {
			isa = PBXNativeTarget;
			buildConfigurationList = 3A76D6321BBAD79B004F309A /* Build configuration list for PBXNativeTarget "BeaconSwiftUITests" */;
			buildPhases = (
				3A76D61F1BBAD79B004F309A /* Sources */,
				3A76D6201BBAD79B004F309A /* Frameworks */,
				3A76D6211BBAD79B004F309A /* Resources */,
			);
			buildRules = (
			);
			dependencies = (
				3A76D6251BBAD79B004F309A /* PBXTargetDependency */,
			);
			name = BeaconSwiftUITests;
			productName = BeaconSwiftUITests;
			productReference = 3A76D6231BBAD79B004F309A /* BeaconSwiftUITests.xctest */;
			productType = "com.apple.product-type.bundle.ui-testing";
		};
/* End PBXNativeTarget section */

/* Begin PBXProject section */
		3A76D5FC1BBAD79B004F309A /* Project object */ = {
			isa = PBXProject;
			attributes = {
				LastUpgradeCheck = 0710;
				ORGANIZATIONNAME = "Adriana Carelli";
				TargetAttributes = {
					3A76D6031BBAD79B004F309A = {
						CreatedOnToolsVersion = 7.1;
					};
					3A76D6171BBAD79B004F309A = {
						CreatedOnToolsVersion = 7.1;
						TestTargetID = 3A76D6031BBAD79B004F309A;
					};
					3A76D6221BBAD79B004F309A = {
						CreatedOnToolsVersion = 7.1;
						TestTargetID = 3A76D6031BBAD79B004F309A;
					};
				};
			};
			buildConfigurationList = 3A76D5FF1BBAD79B004F309A /* Build configuration list for PBXProject "BeaconSwift" */;
			compatibilityVersion = "Xcode 3.2";
			developmentRegion = English;
			hasScannedForEncodings = 0;
			knownRegions = (
				en,
				Base,
			);
			mainGroup = 3A76D5FB1BBAD79B004F309A;
			productRefGroup = 3A76D6051BBAD79B004F309A /* Products */;
			projectDirPath = "";
			projectRoot = "";
			targets = (
				3A76D6031BBAD79B004F309A /* BeaconSwift */,
				3A76D6171BBAD79B004F309A /* BeaconSwiftTests */,
				3A76D6221BBAD79B004F309A /* BeaconSwiftUITests */,
			);
		};
/* End PBXProject section */

/* Begin PBXResourcesBuildPhase section */
		3A76D6021BBAD79B004F309A /* Resources */ = {
			isa = PBXResourcesBuildPhase;
			buildActionMask = 2147483647;
			files = (
				3A76D6121BBAD79B004F309A /* LaunchScreen.storyboard in Resources */,
				3A76D60F1BBAD79B004F309A /* Assets.xcassets in Resources */,
				3A76D60D1BBAD79B004F309A /* Main.storyboard in Resources */,
			);
			runOnlyForDeploymentPostprocessing = 0;
		};
		3A76D6161BBAD79B004F309A /* Resources */ = {
			isa = PBXResourcesBuildPhase;
			buildActionMask = 2147483647;
			files = (
			);
			runOnlyForDeploymentPostprocessing = 0;
		};
		3A76D6211BBAD79B004F309A /* Resources */ = {
			isa = PBXResourcesBuildPhase;
			buildActionMask = 2147483647;
			files = (
			);
			runOnlyForDeploymentPostprocessing = 0;
		};
/* End PBXResourcesBuildPhase section */

/* Begin PBXSourcesBuildPhase section */
		3A76D6001BBAD79B004F309A /* Sources */ = {
			isa = PBXSourcesBuildPhase;
			buildActionMask = 2147483647;
			files = (
				3A76D60A1BBAD79B004F309A /* ViewController.swift in Sources */,
				3A76D6081BBAD79B004F309A /* AppDelegate.swift in Sources */,
			);
			runOnlyForDeploymentPostprocessing = 0;
		};
		3A76D6141BBAD79B004F309A /* Sources */ = {
			isa = PBXSourcesBuildPhase;
			buildActionMask = 2147483647;
			files = (
				3A76D61D1BBAD79B004F309A /* BeaconSwiftTests.swift in Sources */,
			);
			runOnlyForDeploymentPostprocessing = 0;
		};
		3A76D61F1BBAD79B004F309A /* Sources */ = {
			isa = PBXSourcesBuildPhase;
			buildActionMask = 2147483647;
			files = (
				3A76D6281BBAD79B004F309A /* BeaconSwiftUITests.swift in Sources */,
			);
			runOnlyForDeploymentPostprocessing = 0;
		};
/* End PBXSourcesBuildPhase section */

/* Begin PBXTargetDependency section */
		3A76D61A1BBAD79B004F309A /* PBXTargetDependency */ = {
			isa = PBXTargetDependency;
			target = 3A76D6031BBAD79B004F309A /* BeaconSwift */;
			targetProxy = 3A76D6191BBAD79B004F309A /* PBXContainerItemProxy */;
		};
		3A76D6251BBAD79B004F309A /* PBXTargetDependency */ = {
			isa = PBXTargetDependency;
			target = 3A76D6031BBAD79B004F309A /* BeaconSwift */;
			targetProxy = 3A76D6241BBAD79B004F309A /* PBXContainerItemProxy */;
		};
/* End PBXTargetDependency section */

/* Begin PBXVariantGroup section */
		3A76D60B1BBAD79B004F309A /* Main.storyboard */ = {
			isa = PBXVariantGroup;
			children = (
				3A76D60C1BBAD79B004F309A /* Base */,
			);
			name = Main.storyboard;
			sourceTree = "<group>";
		};
		3A76D6101BBAD79B004F309A /* LaunchScreen.storyboard */ = {
			isa = PBXVariantGroup;
			children = (
				3A76D6111BBAD79B004F309A /* Base */,
			);
			name = LaunchScreen.storyboard;
			sourceTree = "<group>";
		};
/* End PBXVariantGroup section */

/* Begin XCBuildConfiguration section */
		3A76D62A1BBAD79B004F309A /* Debug */ = {
			isa = XCBuildConfiguration;
			buildSettings = {
				ALWAYS_SEARCH_USER_PATHS = NO;
				CLANG_CXX_LANGUAGE_STANDARD = "gnu++0x";
				CLANG_CXX_LIBRARY = "libc++";
				CLANG_ENABLE_MODULES = YES;
				CLANG_ENABLE_OBJC_ARC = YES;
				CLANG_WARN_BOOL_CONVERSION = YES;
				CLANG_WARN_CONSTANT_CONVERSION = YES;
				CLANG_WARN_DIRECT_OBJC_ISA_USAGE = YES_ERROR;
				CLANG_WARN_EMPTY_BODY = YES;
				CLANG_WARN_ENUM_CONVERSION = YES;
				CLANG_WARN_INT_CONVERSION = YES;
				CLANG_WARN_OBJC_ROOT_CLASS = YES_ERROR;
				CLANG_WARN_UNREACHABLE_CODE = YES;
				CLANG_WARN__DUPLICATE_METHOD_MATCH = YES;
				"CODE_SIGN_IDENTITY[sdk=iphoneos*]" = "iPhone Developer";
				COPY_PHASE_STRIP = NO;
				DEBUG_INFORMATION_FORMAT = dwarf;
				ENABLE_STRICT_OBJC_MSGSEND = YES;
				ENABLE_TESTABILITY = YES;
				GCC_C_LANGUAGE_STANDARD = gnu99;
				GCC_DYNAMIC_NO_PIC = NO;
				GCC_NO_COMMON_BLOCKS = YES;
				GCC_OPTIMIZATION_LEVEL = 0;
				GCC_PREPROCESSOR_DEFINITIONS = (
					"DEBUG=1",
					"$(inherited)",
				);
				GCC_WARN_64_TO_32_BIT_CONVERSION = YES;
				GCC_WARN_ABOUT_RETURN_TYPE = YES_ERROR;
				GCC_WARN_UNDECLARED_SELECTOR = YES;
				GCC_WARN_UNINITIALIZED_AUTOS = YES_AGGRESSIVE;
				GCC_WARN_UNUSED_FUNCTION = YES;
				GCC_WARN_UNUSED_VARIABLE = YES;
				IPHONEOS_DEPLOYMENT_TARGET = 9.1;
				MTL_ENABLE_DEBUG_INFO = YES;
				ONLY_ACTIVE_ARCH = YES;
				SDKROOT = iphoneos;
				SWIFT_OPTIMIZATION_LEVEL = "-Onone";
			};
			name = Debug;
		};
		3A76D62B1BBAD79B004F309A /* Release */ = {
			isa = XCBuildConfiguration;
			buildSettings = {
				ALWAYS_SEARCH_USER_PATHS = NO;
				CLANG_CXX_LANGUAGE_STANDARD = "gnu++0x";
				CLANG_CXX_LIBRARY = "libc++";
				CLANG_ENABLE_MODULES = YES;
				CLANG_ENABLE_OBJC_ARC = YES;
				CLANG_WARN_BOOL_CONVERSION = YES;
				CLANG_WARN_CONSTANT_CONVERSION = YES;
				CLANG_WARN_DIRECT_OBJC_ISA_USAGE = YES_ERROR;
				CLANG_WARN_EMPTY_BODY = YES;
				CLANG_WARN_ENUM_CONVERSION = YES;
				CLANG_WARN_INT_CONVERSION = YES;
				CLANG_WARN_OBJC_ROOT_CLASS = YES_ERROR;
				CLANG_WARN_UNREACHABLE_CODE = YES;
				CLANG_WARN__DUPLICATE_METHOD_MATCH = YES;
				"CODE_SIGN_IDENTITY[sdk=iphoneos*]" = "iPhone Developer";
				COPY_PHASE_STRIP = NO;
				DEBUG_INFORMATION_FORMAT = "dwarf-with-dsym";
				ENABLE_NS_ASSERTIONS = NO;
				ENABLE_STRICT_OBJC_MSGSEND = YES;
				GCC_C_LANGUAGE_STANDARD = gnu99;
				GCC_NO_COMMON_BLOCKS = YES;
				GCC_WARN_64_TO_32_BIT_CONVERSION = YES;
				GCC_WARN_ABOUT_RETURN_TYPE = YES_ERROR;
				GCC_WARN_UNDECLARED_SELECTOR = YES;
				GCC_WARN_UNINITIALIZED_AUTOS = YES_AGGRESSIVE;
				GCC_WARN_UNUSED_FUNCTION = YES;
				GCC_WARN_UNUSED_VARIABLE = YES;
				IPHONEOS_DEPLOYMENT_TARGET = 9.1;
				MTL_ENABLE_DEBUG_INFO = NO;
				SDKROOT = iphoneos;
				VALIDATE_PRODUCT = YES;
			};
			name = Release;
		};
		3A76D62D1BBAD79B004F309A /* Debug */ = {
			isa = XCBuildConfiguration;
			buildSettings = {
				ASSETCATALOG_COMPILER_APPICON_NAME = AppIcon;
				INFOPLIST_FILE = BeaconSwift/Info.plist;
				LD_RUNPATH_SEARCH_PATHS = "$(inherited) @executable_path/Frameworks";
				PRODUCT_BUNDLE_IDENTIFIER = it.midApp.BeaconSwift;
				PRODUCT_NAME = "$(TARGET_NAME)";
			};
			name = Debug;
		};
		3A76D62E1BBAD79B004F309A /* Release */ = {
			isa = XCBuildConfiguration;
			buildSettings = {
				ASSETCATALOG_COMPILER_APPICON_NAME = AppIcon;
				INFOPLIST_FILE = BeaconSwift/Info.plist;
				LD_RUNPATH_SEARCH_PATHS = "$(inherited) @executable_path/Frameworks";
				PRODUCT_BUNDLE_IDENTIFIER = it.midApp.BeaconSwift;
				PRODUCT_NAME = "$(TARGET_NAME)";
			};
			name = Release;
		};
		3A76D6301BBAD79B004F309A /* Debug */ = {
			isa = XCBuildConfiguration;
			buildSettings = {
				BUNDLE_LOADER = "$(TEST_HOST)";
				INFOPLIST_FILE = BeaconSwiftTests/Info.plist;
				LD_RUNPATH_SEARCH_PATHS = "$(inherited) @executable_path/Frameworks @loader_path/Frameworks";
				PRODUCT_BUNDLE_IDENTIFIER = it.midApp.BeaconSwiftTests;
				PRODUCT_NAME = "$(TARGET_NAME)";
				TEST_HOST = "$(BUILT_PRODUCTS_DIR)/BeaconSwift.app/BeaconSwift";
			};
			name = Debug;
		};
		3A76D6311BBAD79B004F309A /* Release */ = {
			isa = XCBuildConfiguration;
			buildSettings = {
				BUNDLE_LOADER = "$(TEST_HOST)";
				INFOPLIST_FILE = BeaconSwiftTests/Info.plist;
				LD_RUNPATH_SEARCH_PATHS = "$(inherited) @executable_path/Frameworks @loader_path/Frameworks";
				PRODUCT_BUNDLE_IDENTIFIER = it.midApp.BeaconSwiftTests;
				PRODUCT_NAME = "$(TARGET_NAME)";
				TEST_HOST = "$(BUILT_PRODUCTS_DIR)/BeaconSwift.app/BeaconSwift";
			};
			name = Release;
		};
		3A76D6331BBAD79B004F309A /* Debug */ = {
			isa = XCBuildConfiguration;
			buildSettings = {
				INFOPLIST_FILE = BeaconSwiftUITests/Info.plist;
				LD_RUNPATH_SEARCH_PATHS = "$(inherited) @executable_path/Frameworks @loader_path/Frameworks";
				PRODUCT_BUNDLE_IDENTIFIER = it.midApp.BeaconSwiftUITests;
				PRODUCT_NAME = "$(TARGET_NAME)";
				TEST_TARGET_NAME = BeaconSwift;
				USES_XCTRUNNER = YES;
			};
			name = Debug;
		};
		3A76D6341BBAD79B004F309A /* Release */ = {
			isa = XCBuildConfiguration;
			buildSettings = {
				INFOPLIST_FILE = BeaconSwiftUITests/Info.plist;
				LD_RUNPATH_SEARCH_PATHS = "$(inherited) @executable_path/Frameworks @loader_path/Frameworks";
				PRODUCT_BUNDLE_IDENTIFIER = it.midApp.BeaconSwiftUITests;
				PRODUCT_NAME = "$(TARGET_NAME)";
				TEST_TARGET_NAME = BeaconSwift;
				USES_XCTRUNNER = YES;
			};
			name = Release;
		};
/* End XCBuildConfiguration section */

/* Begin XCConfigurationList section */
		3A76D5FF1BBAD79B004F309A /* Build configuration list for PBXProject "BeaconSwift" */ = {
			isa = XCConfigurationList;
			buildConfigurations = (
				3A76D62A1BBAD79B004F309A /* Debug */,
				3A76D62B1BBAD79B004F309A /* Release */,
			);
			defaultConfigurationIsVisible = 0;
			defaultConfigurationName = Release;
		};
		3A76D62C1BBAD79B004F309A /* Build configuration list for PBXNativeTarget "BeaconSwift" */ = {
			isa = XCConfigurationList;
			buildConfigurations = (
				3A76D62D1BBAD79B004F309A /* Debug */,
				3A76D62E1BBAD79B004F309A /* Release */,
			);
			defaultConfigurationIsVisible = 0;
		};
		3A76D62F1BBAD79B004F309A /* Build configuration list for PBXNativeTarget "BeaconSwiftTests" */ = {
			isa = XCConfigurationList;
			buildConfigurations = (
				3A76D6301BBAD79B004F309A /* Debug */,
				3A76D6311BBAD79B004F309A /* Release */,
			);
			defaultConfigurationIsVisible = 0;
		};
		3A76D6321BBAD79B004F309A /* Build configuration list for PBXNativeTarget "BeaconSwiftUITests" */ = {
			isa = XCConfigurationList;
			buildConfigurations = (
				3A76D6331BBAD79B004F309A /* Debug */,
				3A76D6341BBAD79B004F309A /* Release */,
			);
			defaultConfigurationIsVisible = 0;
		};
/* End XCConfigurationList section */
	};
	rootObject = 3A76D5FC1BBAD79B004F309A /* Project object */;
}
